
Microsoft Visual Studio Solution File, Format Version 12.00
# Visual Studio 15
VisualStudioVersion = 15.0.27703.2000
MinimumVisualStudioVersion = 10.0.40219.1
Project("{FAE04EC0-301F-11D3-BF4B-00C04F79EFBC}") = "CORRECTION_MASTER", "CORRECTION_MASTER\CORRECTION_MASTER.csproj", "{56BC119E-4F15-47C3-B9AC-422EAAC29498}"
EndProject
Global
	GlobalSection(SolutionConfigurationPlatforms) = preSolution
		DEBUG_UPDATE_20190723|Any CPU = DEBUG_UPDATE_20190723|Any CPU
		DEBUG_UPDATE_20190723|x64 = DEBUG_UPDATE_20190723|x64
		DEBUG_UPDATE_20190725|Any CPU = DEBUG_UPDATE_20190725|Any CPU
		DEBUG_UPDATE_20190725|x64 = DEBUG_UPDATE_20190725|x64
		DEBUG_UPDATE_20190807|Any CPU = DEBUG_UPDATE_20190807|Any CPU
		DEBUG_UPDATE_20190807|x64 = DEBUG_UPDATE_20190807|x64
		DEBUG_UPDATE_20190813|Any CPU = DEBUG_UPDATE_20190813|Any CPU
		DEBUG_UPDATE_20190813|x64 = DEBUG_UPDATE_20190813|x64
		DEBUG_UPDATE_201909|Any CPU = DEBUG_UPDATE_201909|Any CPU
		DEBUG_UPDATE_201909|x64 = DEBUG_UPDATE_201909|x64
		DEBUG_UPDATE_201910|Any CPU = DEBUG_UPDATE_201910|Any CPU
		DEBUG_UPDATE_201910|x64 = DEBUG_UPDATE_201910|x64
		Debug|Any CPU = Debug|Any CPU
		Debug|x64 = Debug|x64
		Release|Any CPU = Release|Any CPU
		Release|x64 = Release|x64
		ST_DEBUG|Any CPU = ST_DEBUG|Any CPU
		ST_DEBUG|x64 = ST_DEBUG|x64
		ST_RELEASE|Any CPU = ST_RELEASE|Any CPU
		ST_RELEASE|x64 = ST_RELEASE|x64
		UPDATE_20190718|Any CPU = UPDATE_20190718|Any CPU
		UPDATE_20190718|x64 = UPDATE_20190718|x64
		UPDATE_20190723|Any CPU = UPDATE_20190723|Any CPU
		UPDATE_20190723|x64 = UPDATE_20190723|x64
		UPDATE_20190725|Any CPU = UPDATE_20190725|Any CPU
		UPDATE_20190725|x64 = UPDATE_20190725|x64
		UPDATE_20190807|Any CPU = UPDATE_20190807|Any CPU
		UPDATE_20190807|x64 = UPDATE_20190807|x64
		UPDATE_20190813|Any CPU = UPDATE_20190813|Any CPU
		UPDATE_20190813|x64 = UPDATE_20190813|x64
		UPDATE_201909|Any CPU = UPDATE_201909|Any CPU
		UPDATE_201909|x64 = UPDATE_201909|x64
		x64|Any CPU = x64|Any CPU
		x64|x64 = x64|x64
	EndGlobalSection
	GlobalSection(ProjectConfigurationPlatforms) = postSolution
		{56BC119E-4F15-47C3-B9AC-422EAAC29498}.DEBUG_UPDATE_20190723|Any CPU.ActiveCfg = DEBUG_UPDATE_20190723|Any CPU
		{56BC119E-4F15-47C3-B9AC-422EAAC29498}.DEBUG_UPDATE_20190723|Any CPU.Build.0 = DEBUG_UPDATE_20190723|Any CPU
		{56BC119E-4F15-47C3-B9AC-422EAAC29498}.DEBUG_UPDATE_20190723|x64.ActiveCfg = DEBUG_UPDATE_20190723|Any CPU
		{56BC119E-4F15-47C3-B9AC-422EAAC29498}.DEBUG_UPDATE_20190723|x64.Build.0 = DEBUG_UPDATE_20190723|Any CPU
		{56BC119E-4F15-47C3-B9AC-422EAAC29498}.DEBUG_UPDATE_20190725|Any CPU.ActiveCfg = DEBUG_UPDATE_20190725|Any CPU
		{56BC119E-4F15-47C3-B9AC-422EAAC29498}.DEBUG_UPDATE_20190725|Any CPU.Build.0 = DEBUG_UPDATE_20190725|Any CPU
		{56BC119E-4F15-47C3-B9AC-422EAAC29498}.DEBUG_UPDATE_20190725|x64.ActiveCfg = DEBUG_UPDATE_20190725|Any CPU
		{56BC119E-4F15-47C3-B9AC-422EAAC29498}.DEBUG_UPDATE_20190725|x64.Build.0 = DEBUG_UPDATE_20190725|Any CPU
		{56BC119E-4F15-47C3-B9AC-422EAAC29498}.DEBUG_UPDATE_20190807|Any CPU.ActiveCfg = DEBUG_UPDATE_20190807|Any CPU
		{56BC119E-4F15-47C3-B9AC-422EAAC29498}.DEBUG_UPDATE_20190807|Any CPU.Build.0 = DEBUG_UPDATE_20190807|Any CPU
		{56BC119E-4F15-47C3-B9AC-422EAAC29498}.DEBUG_UPDATE_20190807|x64.ActiveCfg = DEBUG_UPDATE_20190807|Any CPU
		{56BC119E-4F15-47C3-B9AC-422EAAC29498}.DEBUG_UPDATE_20190807|x64.Build.0 = DEBUG_UPDATE_20190807|Any CPU
		{56BC119E-4F15-47C3-B9AC-422EAAC29498}.DEBUG_UPDATE_20190813|Any CPU.ActiveCfg = DEBUG_UPDATE_20190813|Any CPU
		{56BC119E-4F15-47C3-B9AC-422EAAC29498}.DEBUG_UPDATE_20190813|Any CPU.Build.0 = DEBUG_UPDATE_20190813|Any CPU
		{56BC119E-4F15-47C3-B9AC-422EAAC29498}.DEBUG_UPDATE_20190813|x64.ActiveCfg = DEBUG_UPDATE_20190813|Any CPU
		{56BC119E-4F15-47C3-B9AC-422EAAC29498}.DEBUG_UPDATE_20190813|x64.Build.0 = DEBUG_UPDATE_20190813|Any CPU
		{56BC119E-4F15-47C3-B9AC-422EAAC29498}.DEBUG_UPDATE_201909|Any CPU.ActiveCfg = DEBUG_UPDATE_201909|Any CPU
		{56BC119E-4F15-47C3-B9AC-422EAAC29498}.DEBUG_UPDATE_201909|Any CPU.Build.0 = DEBUG_UPDATE_201909|Any CPU
		{56BC119E-4F15-47C3-B9AC-422EAAC29498}.DEBUG_UPDATE_201909|x64.ActiveCfg = DEBUG_UPDATE_201909|Any CPU
		{56BC119E-4F15-47C3-B9AC-422EAAC29498}.DEBUG_UPDATE_201909|x64.Build.0 = DEBUG_UPDATE_201909|Any CPU
		{56BC119E-4F15-47C3-B9AC-422EAAC29498}.DEBUG_UPDATE_201910|Any CPU.ActiveCfg = DEBUG_UPDATE_201910|Any CPU
		{56BC119E-4F15-47C3-B9AC-422EAAC29498}.DEBUG_UPDATE_201910|Any CPU.Build.0 = DEBUG_UPDATE_201910|Any CPU
		{56BC119E-4F15-47C3-B9AC-422EAAC29498}.DEBUG_UPDATE_201910|x64.ActiveCfg = DEBUG_UPDATE_201910|Any CPU
		{56BC119E-4F15-47C3-B9AC-422EAAC29498}.DEBUG_UPDATE_201910|x64.Build.0 = DEBUG_UPDATE_201910|Any CPU
		{56BC119E-4F15-47C3-B9AC-422EAAC29498}.Debug|Any CPU.ActiveCfg = Debug|Any CPU
		{56BC119E-4F15-47C3-B9AC-422EAAC29498}.Debug|Any CPU.Build.0 = Debug|Any CPU
		{56BC119E-4F15-47C3-B9AC-422EAAC29498}.Debug|x64.ActiveCfg = Debug|Any CPU
		{56BC119E-4F15-47C3-B9AC-422EAAC29498}.Debug|x64.Build.0 = Debug|Any CPU
		{56BC119E-4F15-47C3-B9AC-422EAAC29498}.Release|Any CPU.ActiveCfg = Release|Any CPU
		{56BC119E-4F15-47C3-B9AC-422EAAC29498}.Release|Any CPU.Build.0 = Release|Any CPU
		{56BC119E-4F15-47C3-B9AC-422EAAC29498}.Release|x64.ActiveCfg = Release|Any CPU
		{56BC119E-4F15-47C3-B9AC-422EAAC29498}.Release|x64.Build.0 = Release|Any CPU
		{56BC119E-4F15-47C3-B9AC-422EAAC29498}.ST_DEBUG|Any CPU.ActiveCfg = ST_DEBUG|Any CPU
		{56BC119E-4F15-47C3-B9AC-422EAAC29498}.ST_DEBUG|Any CPU.Build.0 = ST_DEBUG|Any CPU
		{56BC119E-4F15-47C3-B9AC-422EAAC29498}.ST_DEBUG|x64.ActiveCfg = ST_DEBUG|Any CPU
		{56BC119E-4F15-47C3-B9AC-422EAAC29498}.ST_DEBUG|x64.Build.0 = ST_DEBUG|Any CPU
		{56BC119E-4F15-47C3-B9AC-422EAAC29498}.ST_RELEASE|Any CPU.ActiveCfg = ST_RELEASE|Any CPU
		{56BC119E-4F15-47C3-B9AC-422EAAC29498}.ST_RELEASE|Any CPU.Build.0 = ST_RELEASE|Any CPU
		{56BC119E-4F15-47C3-B9AC-422EAAC29498}.ST_RELEASE|x64.ActiveCfg = ST_RELEASE|Any CPU
		{56BC119E-4F15-47C3-B9AC-422EAAC29498}.ST_RELEASE|x64.Build.0 = ST_RELEASE|Any CPU
		{56BC119E-4F15-47C3-B9AC-422EAAC29498}.UPDATE_20190718|Any CPU.ActiveCfg = UPDATE_20190718|Any CPU
		{56BC119E-4F15-47C3-B9AC-422EAAC29498}.UPDATE_20190718|Any CPU.Build.0 = UPDATE_20190718|Any CPU
		{56BC119E-4F15-47C3-B9AC-422EAAC29498}.UPDATE_20190718|x64.ActiveCfg = UPDATE_20190718|Any CPU
		{56BC119E-4F15-47C3-B9AC-422EAAC29498}.UPDATE_20190718|x64.Build.0 = UPDATE_20190718|Any CPU
		{56BC119E-4F15-47C3-B9AC-422EAAC29498}.UPDATE_20190723|Any CPU.ActiveCfg = UPDATE_20190723|Any CPU
		{56BC119E-4F15-47C3-B9AC-422EAAC29498}.UPDATE_20190723|Any CPU.Build.0 = UPDATE_20190723|Any CPU
		{56BC119E-4F15-47C3-B9AC-422EAAC29498}.UPDATE_20190723|x64.ActiveCfg = UPDATE_20190723|Any CPU
		{56BC119E-4F15-47C3-B9AC-422EAAC29498}.UPDATE_20190723|x64.Build.0 = UPDATE_20190723|Any CPU
		{56BC119E-4F15-47C3-B9AC-422EAAC29498}.UPDATE_20190725|Any CPU.ActiveCfg = UPDATE_20190725|Any CPU
		{56BC119E-4F15-47C3-B9AC-422EAAC29498}.UPDATE_20190725|Any CPU.Build.0 = UPDATE_20190725|Any CPU
		{56BC119E-4F15-47C3-B9AC-422EAAC29498}.UPDATE_20190725|x64.ActiveCfg = UPDATE_20190725|Any CPU
		{56BC119E-4F15-47C3-B9AC-422EAAC29498}.UPDATE_20190725|x64.Build.0 = UPDATE_20190725|Any CPU
		{56BC119E-4F15-47C3-B9AC-422EAAC29498}.UPDATE_20190807|Any CPU.ActiveCfg = UPDATE_20190807|Any CPU
		{56BC119E-4F15-47C3-B9AC-422EAAC29498}.UPDATE_20190807|Any CPU.Build.0 = UPDATE_20190807|Any CPU
		{56BC119E-4F15-47C3-B9AC-422EAAC29498}.UPDATE_20190807|x64.ActiveCfg = UPDATE_20190807|Any CPU
		{56BC119E-4F15-47C3-B9AC-422EAAC29498}.UPDATE_20190807|x64.Build.0 = UPDATE_20190807|Any CPU
		{56BC119E-4F15-47C3-B9AC-422EAAC29498}.UPDATE_20190813|Any CPU.ActiveCfg = UPDATE_20190813|Any CPU
		{56BC119E-4F15-47C3-B9AC-422EAAC29498}.UPDATE_20190813|Any CPU.Build.0 = UPDATE_20190813|Any CPU
		{56BC119E-4F15-47C3-B9AC-422EAAC29498}.UPDATE_20190813|x64.ActiveCfg = UPDATE_20190813|Any CPU
		{56BC119E-4F15-47C3-B9AC-422EAAC29498}.UPDATE_20190813|x64.Build.0 = UPDATE_20190813|Any CPU
		{56BC119E-4F15-47C3-B9AC-422EAAC29498}.UPDATE_201909|Any CPU.ActiveCfg = UPDATE_201909|Any CPU
		{56BC119E-4F15-47C3-B9AC-422EAAC29498}.UPDATE_201909|Any CPU.Build.0 = UPDATE_201909|Any CPU
		{56BC119E-4F15-47C3-B9AC-422EAAC29498}.UPDATE_201909|x64.ActiveCfg = UPDATE_201909|Any CPU
		{56BC119E-4F15-47C3-B9AC-422EAAC29498}.UPDATE_201909|x64.Build.0 = UPDATE_201909|Any CPU
		{56BC119E-4F15-47C3-B9AC-422EAAC29498}.x64|Any CPU.ActiveCfg = Release|Any CPU
		{56BC119E-4F15-47C3-B9AC-422EAAC29498}.x64|Any CPU.Build.0 = Release|Any CPU
		{56BC119E-4F15-47C3-B9AC-422EAAC29498}.x64|x64.ActiveCfg = Release|Any CPU
		{56BC119E-4F15-47C3-B9AC-422EAAC29498}.x64|x64.Build.0 = Release|Any CPU
	EndGlobalSection
	GlobalSection(SolutionProperties) = preSolution
		HideSolutionNode = FALSE
	EndGlobalSection
	GlobalSection(ExtensibilityGlobals) = postSolution
		SolutionGuid = {FD8DCD17-B3A3-48DE-ACCD-23A9D35AD2DC}
	EndGlobalSection
EndGlobal
